// !$*UTF8*$!
{
	archiveVersion = 1;
	classes = {
	};
	objectVersion = 54;
	objects = {

/* Begin PBXBuildFile section */
		23240610872ADAEE68BA644F /* Pods_StepExample.framework in Frameworks */ = {isa = PBXBuildFile; fileRef = FB21A54E5FC026251FAEB617 /* Pods_StepExample.framework */; };
		ED81F8A827A866AB00AD5850 /* AppDelegate.swift in Sources */ = {isa = PBXBuildFile; fileRef = ED81F8A727A866AB00AD5850 /* AppDelegate.swift */; };
		ED81F8AA27A866AB00AD5850 /* SceneDelegate.swift in Sources */ = {isa = PBXBuildFile; fileRef = ED81F8A927A866AB00AD5850 /* SceneDelegate.swift */; };
		ED81F8AC27A866AB00AD5850 /* ViewController.swift in Sources */ = {isa = PBXBuildFile; fileRef = ED81F8AB27A866AB00AD5850 /* ViewController.swift */; };
		ED81F8AF27A866AB00AD5850 /* Main.storyboard in Resources */ = {isa = PBXBuildFile; fileRef = ED81F8AD27A866AB00AD5850 /* Main.storyboard */; };
		ED81F8B127A866AC00AD5850 /* Assets.xcassets in Resources */ = {isa = PBXBuildFile; fileRef = ED81F8B027A866AC00AD5850 /* Assets.xcassets */; };
		ED81F8B427A866AC00AD5850 /* LaunchScreen.storyboard in Resources */ = {isa = PBXBuildFile; fileRef = ED81F8B227A866AC00AD5850 /* LaunchScreen.storyboard */; };
		ED81F8BC27A866D300AD5850 /* NetworkProvider.swift in Sources */ = {isa = PBXBuildFile; fileRef = ED81F8BB27A866D300AD5850 /* NetworkProvider.swift */; };
		ED81F8C127A86E6800AD5850 /* GlobalDataProvider.swift in Sources */ = {isa = PBXBuildFile; fileRef = ED81F8C027A86E6800AD5850 /* GlobalDataProvider.swift */; };
		ED81F8C327A86E9D00AD5850 /* Constants.swift in Sources */ = {isa = PBXBuildFile; fileRef = ED81F8C227A86E9D00AD5850 /* Constants.swift */; };
		ED81F8C527A873B800AD5850 /* CommentModel.swift in Sources */ = {isa = PBXBuildFile; fileRef = ED81F8C427A873B800AD5850 /* CommentModel.swift */; };
		ED81F8CE27A8941400AD5850 /* IndexView.swift in Sources */ = {isa = PBXBuildFile; fileRef = ED81F8CD27A8941400AD5850 /* IndexView.swift */; };
		ED81F8D027A8943200AD5850 /* IndexView.xib in Resources */ = {isa = PBXBuildFile; fileRef = ED81F8CF27A8943200AD5850 /* IndexView.xib */; };
		ED81F8D727A8AF0900AD5850 /* MainViewModel.swift in Sources */ = {isa = PBXBuildFile; fileRef = ED81F8D627A8AF0900AD5850 /* MainViewModel.swift */; };
		ED81F8DB27A8BA3A00AD5850 /* Repository.swift in Sources */ = {isa = PBXBuildFile; fileRef = ED81F8DA27A8BA3A00AD5850 /* Repository.swift */; };
		ED81F8E027A8C8AF00AD5850 /* DisplayContentViewController.swift in Sources */ = {isa = PBXBuildFile; fileRef = ED81F8DF27A8C8AF00AD5850 /* DisplayContentViewController.swift */; };
		ED81F8E227A8C91B00AD5850 /* DisplayDataViewModel.swift in Sources */ = {isa = PBXBuildFile; fileRef = ED81F8E127A8C91B00AD5850 /* DisplayDataViewModel.swift */; };
		ED81F8E427A8CA3100AD5850 /* CustomCell.swift in Sources */ = {isa = PBXBuildFile; fileRef = ED81F8E327A8CA3100AD5850 /* CustomCell.swift */; };
/* End PBXBuildFile section */

/* Begin PBXFileReference section */
		0EA1E2B22535F1E9B55D13DA /* Pods-StepExample.debug.xcconfig */ = {isa = PBXFileReference; includeInIndex = 1; lastKnownFileType = text.xcconfig; name = "Pods-StepExample.debug.xcconfig"; path = "Target Support Files/Pods-StepExample/Pods-StepExample.debug.xcconfig"; sourceTree = "<group>"; };
		1C2A6E3F5111D61E3F05EE29 /* Pods-StepExample.release.xcconfig */ = {isa = PBXFileReference; includeInIndex = 1; lastKnownFileType = text.xcconfig; name = "Pods-StepExample.release.xcconfig"; path = "Target Support Files/Pods-StepExample/Pods-StepExample.release.xcconfig"; sourceTree = "<group>"; };
		ED81F8A427A866AB00AD5850 /* StepExample.app */ = {isa = PBXFileReference; explicitFileType = wrapper.application; includeInIndex = 0; path = StepExample.app; sourceTree = BUILT_PRODUCTS_DIR; };
		ED81F8A727A866AB00AD5850 /* AppDelegate.swift */ = {isa = PBXFileReference; lastKnownFileType = sourcecode.swift; path = AppDelegate.swift; sourceTree = "<group>"; };
		ED81F8A927A866AB00AD5850 /* SceneDelegate.swift */ = {isa = PBXFileReference; lastKnownFileType = sourcecode.swift; path = SceneDelegate.swift; sourceTree = "<group>"; };
		ED81F8AB27A866AB00AD5850 /* ViewController.swift */ = {isa = PBXFileReference; lastKnownFileType = sourcecode.swift; path = ViewController.swift; sourceTree = "<group>"; };
		ED81F8AE27A866AB00AD5850 /* Base */ = {isa = PBXFileReference; lastKnownFileType = file.storyboard; name = Base; path = Base.lproj/Main.storyboard; sourceTree = "<group>"; };
		ED81F8B027A866AC00AD5850 /* Assets.xcassets */ = {isa = PBXFileReference; lastKnownFileType = folder.assetcatalog; path = Assets.xcassets; sourceTree = "<group>"; };
		ED81F8B327A866AC00AD5850 /* Base */ = {isa = PBXFileReference; lastKnownFileType = file.storyboard; name = Base; path = Base.lproj/LaunchScreen.storyboard; sourceTree = "<group>"; };
		ED81F8B527A866AD00AD5850 /* Info.plist */ = {isa = PBXFileReference; lastKnownFileType = text.plist.xml; path = Info.plist; sourceTree = "<group>"; };
		ED81F8BB27A866D300AD5850 /* NetworkProvider.swift */ = {isa = PBXFileReference; lastKnownFileType = sourcecode.swift; path = NetworkProvider.swift; sourceTree = "<group>"; };
		ED81F8C027A86E6800AD5850 /* GlobalDataProvider.swift */ = {isa = PBXFileReference; lastKnownFileType = sourcecode.swift; path = GlobalDataProvider.swift; sourceTree = "<group>"; };
		ED81F8C227A86E9D00AD5850 /* Constants.swift */ = {isa = PBXFileReference; lastKnownFileType = sourcecode.swift; path = Constants.swift; sourceTree = "<group>"; };
		ED81F8C427A873B800AD5850 /* CommentModel.swift */ = {isa = PBXFileReference; lastKnownFileType = sourcecode.swift; path = CommentModel.swift; sourceTree = "<group>"; };
		ED81F8CD27A8941400AD5850 /* IndexView.swift */ = {isa = PBXFileReference; lastKnownFileType = sourcecode.swift; path = IndexView.swift; sourceTree = "<group>"; };
		ED81F8CF27A8943200AD5850 /* IndexView.xib */ = {isa = PBXFileReference; lastKnownFileType = file.xib; path = IndexView.xib; sourceTree = "<group>"; };
		ED81F8D627A8AF0900AD5850 /* MainViewModel.swift */ = {isa = PBXFileReference; lastKnownFileType = sourcecode.swift; path = MainViewModel.swift; sourceTree = "<group>"; };
		ED81F8DA27A8BA3A00AD5850 /* Repository.swift */ = {isa = PBXFileReference; lastKnownFileType = sourcecode.swift; path = Repository.swift; sourceTree = "<group>"; };
		ED81F8DF27A8C8AF00AD5850 /* DisplayContentViewController.swift */ = {isa = PBXFileReference; lastKnownFileType = sourcecode.swift; path = DisplayContentViewController.swift; sourceTree = "<group>"; };
		ED81F8E127A8C91B00AD5850 /* DisplayDataViewModel.swift */ = {isa = PBXFileReference; lastKnownFileType = sourcecode.swift; path = DisplayDataViewModel.swift; sourceTree = "<group>"; };
		ED81F8E327A8CA3100AD5850 /* CustomCell.swift */ = {isa = PBXFileReference; lastKnownFileType = sourcecode.swift; path = CustomCell.swift; sourceTree = "<group>"; };
		FB21A54E5FC026251FAEB617 /* Pods_StepExample.framework */ = {isa = PBXFileReference; explicitFileType = wrapper.framework; includeInIndex = 0; path = Pods_StepExample.framework; sourceTree = BUILT_PRODUCTS_DIR; };
/* End PBXFileReference section */

/* Begin PBXFrameworksBuildPhase section */
		ED81F8A127A866AB00AD5850 /* Frameworks */ = {
			isa = PBXFrameworksBuildPhase;
			buildActionMask = 2147483647;
			files = (
				23240610872ADAEE68BA644F /* Pods_StepExample.framework in Frameworks */,
			);
			runOnlyForDeploymentPostprocessing = 0;
		};
/* End PBXFrameworksBuildPhase section */

/* Begin PBXGroup section */
		049AD7C722A52E7FF928424E /* Frameworks */ = {
			isa = PBXGroup;
			children = (
				FB21A54E5FC026251FAEB617 /* Pods_StepExample.framework */,
			);
			name = Frameworks;
			sourceTree = "<group>";
		};
		8358061351F71E098323D5CD /* Pods */ = {
			isa = PBXGroup;
			children = (
				0EA1E2B22535F1E9B55D13DA /* Pods-StepExample.debug.xcconfig */,
				1C2A6E3F5111D61E3F05EE29 /* Pods-StepExample.release.xcconfig */,
			);
			path = Pods;
			sourceTree = "<group>";
		};
		ED81F89B27A866AB00AD5850 = {
			isa = PBXGroup;
			children = (
				ED81F8A627A866AB00AD5850 /* StepExample */,
				ED81F8A527A866AB00AD5850 /* Products */,
				8358061351F71E098323D5CD /* Pods */,
				049AD7C722A52E7FF928424E /* Frameworks */,
			);
			sourceTree = "<group>";
		};
		ED81F8A527A866AB00AD5850 /* Products */ = {
			isa = PBXGroup;
			children = (
				ED81F8A427A866AB00AD5850 /* StepExample.app */,
			);
			name = Products;
			sourceTree = "<group>";
		};
		ED81F8A627A866AB00AD5850 /* StepExample */ = {
			isa = PBXGroup;
			children = (
				ED81F8BF27A86E4C00AD5850 /* data */,
				ED81F8D927A8B9E700AD5850 /* domain */,
				ED81F8CA27A88F2500AD5850 /* presentation */,
				ED81F8CB27A88F4100AD5850 /* appSources */,
				ED81F8B527A866AD00AD5850 /* Info.plist */,
			);
			path = StepExample;
			sourceTree = "<group>";
		};
		ED81F8BF27A86E4C00AD5850 /* data */ = {
			isa = PBXGroup;
			children = (
				ED81F8C727A874A400AD5850 /* dataSource */,
				ED81F8C627A8749400AD5850 /* model */,
				ED81F8C027A86E6800AD5850 /* GlobalDataProvider.swift */,
				ED81F8C227A86E9D00AD5850 /* Constants.swift */,
			);
			path = data;
			sourceTree = "<group>";
		};
		ED81F8C627A8749400AD5850 /* model */ = {
			isa = PBXGroup;
			children = (
				ED81F8C427A873B800AD5850 /* CommentModel.swift */,
			);
			path = model;
			sourceTree = "<group>";
		};
		ED81F8C727A874A400AD5850 /* dataSource */ = {
			isa = PBXGroup;
			children = (
				ED81F8BB27A866D300AD5850 /* NetworkProvider.swift */,
			);
			path = dataSource;
			sourceTree = "<group>";
		};
		ED81F8CA27A88F2500AD5850 /* presentation */ = {
			isa = PBXGroup;
			children = (
				ED81F8DE27A8C89500AD5850 /* controller */,
				ED81F8D427A8AD3300AD5850 /* viewmodel */,
				ED81F8CC27A893FD00AD5850 /* view */,
			);
			path = presentation;
			sourceTree = "<group>";
		};
		ED81F8CB27A88F4100AD5850 /* appSources */ = {
			isa = PBXGroup;
			children = (
				ED81F8A727A866AB00AD5850 /* AppDelegate.swift */,
				ED81F8A927A866AB00AD5850 /* SceneDelegate.swift */,
				ED81F8AD27A866AB00AD5850 /* Main.storyboard */,
				ED81F8B027A866AC00AD5850 /* Assets.xcassets */,
				ED81F8B227A866AC00AD5850 /* LaunchScreen.storyboard */,
			);
			path = appSources;
			sourceTree = "<group>";
		};
		ED81F8CC27A893FD00AD5850 /* view */ = {
			isa = PBXGroup;
			children = (
				ED81F8CD27A8941400AD5850 /* IndexView.swift */,
				ED81F8CF27A8943200AD5850 /* IndexView.xib */,
				ED81F8E327A8CA3100AD5850 /* CustomCell.swift */,
			);
			path = view;
			sourceTree = "<group>";
		};
		ED81F8D427A8AD3300AD5850 /* viewmodel */ = {
			isa = PBXGroup;
			children = (
				ED81F8D627A8AF0900AD5850 /* MainViewModel.swift */,
				ED81F8E127A8C91B00AD5850 /* DisplayDataViewModel.swift */,
			);
			path = viewmodel;
			sourceTree = "<group>";
		};
		ED81F8D927A8B9E700AD5850 /* domain */ = {
			isa = PBXGroup;
			children = (
				ED81F8DA27A8BA3A00AD5850 /* Repository.swift */,
			);
			path = domain;
			sourceTree = "<group>";
		};
		ED81F8DE27A8C89500AD5850 /* controller */ = {
			isa = PBXGroup;
			children = (
				ED81F8AB27A866AB00AD5850 /* ViewController.swift */,
				ED81F8DF27A8C8AF00AD5850 /* DisplayContentViewController.swift */,
			);
			path = controller;
			sourceTree = "<group>";
		};
/* End PBXGroup section */

/* Begin PBXNativeTarget section */
		ED81F8A327A866AB00AD5850 /* StepExample */ = {
			isa = PBXNativeTarget;
			buildConfigurationList = ED81F8B827A866AD00AD5850 /* Build configuration list for PBXNativeTarget "StepExample" */;
			buildPhases = (
				481A6D56699BCC1C2873C3B9 /* [CP] Check Pods Manifest.lock */,
				ED81F8A027A866AB00AD5850 /* Sources */,
				ED81F8A127A866AB00AD5850 /* Frameworks */,
				ED81F8A227A866AB00AD5850 /* Resources */,
			);
			buildRules = (
			);
			dependencies = (
			);
			name = StepExample;
			productName = StepExample;
			productReference = ED81F8A427A866AB00AD5850 /* StepExample.app */;
			productType = "com.apple.product-type.application";
		};
/* End PBXNativeTarget section */

/* Begin PBXProject section */
		ED81F89C27A866AB00AD5850 /* Project object */ = {
			isa = PBXProject;
			attributes = {
				BuildIndependentTargetsInParallel = 1;
				LastSwiftUpdateCheck = 1320;
				LastUpgradeCheck = 1320;
				TargetAttributes = {
					ED81F8A327A866AB00AD5850 = {
						CreatedOnToolsVersion = 13.2.1;
					};
				};
			};
			buildConfigurationList = ED81F89F27A866AB00AD5850 /* Build configuration list for PBXProject "StepExample" */;
			compatibilityVersion = "Xcode 12.0";
			developmentRegion = en;
			hasScannedForEncodings = 0;
			knownRegions = (
				en,
				Base,
			);
			mainGroup = ED81F89B27A866AB00AD5850;
			productRefGroup = ED81F8A527A866AB00AD5850 /* Products */;
			projectDirPath = "";
			projectRoot = "";
			targets = (
				ED81F8A327A866AB00AD5850 /* StepExample */,
			);
		};
/* End PBXProject section */

/* Begin PBXResourcesBuildPhase section */
		ED81F8A227A866AB00AD5850 /* Resources */ = {
			isa = PBXResourcesBuildPhase;
			buildActionMask = 2147483647;
			files = (
				ED81F8B427A866AC00AD5850 /* LaunchScreen.storyboard in Resources */,
				ED81F8D027A8943200AD5850 /* IndexView.xib in Resources */,
				ED81F8B127A866AC00AD5850 /* Assets.xcassets in Resources */,
				ED81F8AF27A866AB00AD5850 /* Main.storyboard in Resources */,
			);
			runOnlyForDeploymentPostprocessing = 0;
		};
/* End PBXResourcesBuildPhase section */

/* Begin PBXShellScriptBuildPhase section */
		481A6D56699BCC1C2873C3B9 /* [CP] Check Pods Manifest.lock */ = {
			isa = PBXShellScriptBuildPhase;
			buildActionMask = 2147483647;
			files = (
			);
			inputFileListPaths = (
			);
			inputPaths = (
				"${PODS_PODFILE_DIR_PATH}/Podfile.lock",
				"${PODS_ROOT}/Manifest.lock",
			);
			name = "[CP] Check Pods Manifest.lock";
			outputFileListPaths = (
			);
			outputPaths = (
				"$(DERIVED_FILE_DIR)/Pods-StepExample-checkManifestLockResult.txt",
			);
			runOnlyForDeploymentPostprocessing = 0;
			shellPath = /bin/sh;
			shellScript = "diff \"${PODS_PODFILE_DIR_PATH}/Podfile.lock\" \"${PODS_ROOT}/Manifest.lock\" > /dev/null\nif [ $? != 0 ] ; then\n    # print error to STDERR\n    echo \"error: The sandbox is not in sync with the Podfile.lock. Run 'pod install' or update your CocoaPods installation.\" >&2\n    exit 1\nfi\n# This output is used by Xcode 'outputs' to avoid re-running this script phase.\necho \"SUCCESS\" > \"${SCRIPT_OUTPUT_FILE_0}\"\n";
			showEnvVarsInLog = 0;
		};
/* End PBXShellScriptBuildPhase section */

/* Begin PBXSourcesBuildPhase section */
		ED81F8A027A866AB00AD5850 /* Sources */ = {
			isa = PBXSourcesBuildPhase;
			buildActionMask = 2147483647;
			files = (
				ED81F8AC27A866AB00AD5850 /* ViewController.swift in Sources */,
				ED81F8C127A86E6800AD5850 /* GlobalDataProvider.swift in Sources */,
				ED81F8BC27A866D300AD5850 /* NetworkProvider.swift in Sources */,
				ED81F8A827A866AB00AD5850 /* AppDelegate.swift in Sources */,
				ED81F8E227A8C91B00AD5850 /* DisplayDataViewModel.swift in Sources */,
				ED81F8E027A8C8AF00AD5850 /* DisplayContentViewController.swift in Sources */,
				ED81F8DB27A8BA3A00AD5850 /* Repository.swift in Sources */,
				ED81F8D727A8AF0900AD5850 /* MainViewModel.swift in Sources */,
				ED81F8C527A873B800AD5850 /* CommentModel.swift in Sources */,
				ED81F8CE27A8941400AD5850 /* IndexView.swift in Sources */,
				ED81F8AA27A866AB00AD5850 /* SceneDelegate.swift in Sources */,
				ED81F8E427A8CA3100AD5850 /* CustomCell.swift in Sources */,
				ED81F8C327A86E9D00AD5850 /* Constants.swift in Sources */,
			);
			runOnlyForDeploymentPostprocessing = 0;
		};
/* End PBXSourcesBuildPhase section */

/* Begin PBXVariantGroup section */
		ED81F8AD27A866AB00AD5850 /* Main.storyboard */ = {
			isa = PBXVariantGroup;
			children = (
				ED81F8AE27A866AB00AD5850 /* Base */,
			);
			name = Main.storyboard;
			sourceTree = "<group>";
		};
		ED81F8B227A866AC00AD5850 /* LaunchScreen.storyboard */ = {
			isa = PBXVariantGroup;
			children = (
				ED81F8B327A866AC00AD5850 /* Base */,
			);
			name = LaunchScreen.storyboard;
			sourceTree = "<group>";
		};
/* End PBXVariantGroup section */

/* Begin XCBuildConfiguration section */
		ED81F8B627A866AD00AD5850 /* Debug */ = {
			isa = XCBuildConfiguration;
			buildSettings = {
				ALWAYS_SEARCH_USER_PATHS = NO;
				CLANG_ANALYZER_NONNULL = YES;
				CLANG_ANALYZER_NUMBER_OBJECT_CONVERSION = YES_AGGRESSIVE;
				CLANG_CXX_LANGUAGE_STANDARD = "gnu++17";
				CLANG_CXX_LIBRARY = "libc++";
				CLANG_ENABLE_MODULES = YES;
				CLANG_ENABLE_OBJC_ARC = YES;
				CLANG_ENABLE_OBJC_WEAK = YES;
				CLANG_WARN_BLOCK_CAPTURE_AUTORELEASING = YES;
				CLANG_WARN_BOOL_CONVERSION = YES;
				CLANG_WARN_COMMA = YES;
				CLANG_WARN_CONSTANT_CONVERSION = YES;
				CLANG_WARN_DEPRECATED_OBJC_IMPLEMENTATIONS = YES;
				CLANG_WARN_DIRECT_OBJC_ISA_USAGE = YES_ERROR;
				CLANG_WARN_DOCUMENTATION_COMMENTS = YES;
				CLANG_WARN_EMPTY_BODY = YES;
				CLANG_WARN_ENUM_CONVERSION = YES;
				CLANG_WARN_INFINITE_RECURSION = YES;
				CLANG_WARN_INT_CONVERSION = YES;
				CLANG_WARN_NON_LITERAL_NULL_CONVERSION = YES;
				CLANG_WARN_OBJC_IMPLICIT_RETAIN_SELF = YES;
				CLANG_WARN_OBJC_LITERAL_CONVERSION = YES;
				CLANG_WARN_OBJC_ROOT_CLASS = YES_ERROR;
				CLANG_WARN_QUOTED_INCLUDE_IN_FRAMEWORK_HEADER = YES;
				CLANG_WARN_RANGE_LOOP_ANALYSIS = YES;
				CLANG_WARN_STRICT_PROTOTYPES = YES;
				CLANG_WARN_SUSPICIOUS_MOVE = YES;
				CLANG_WARN_UNGUARDED_AVAILABILITY = YES_AGGRESSIVE;
				CLANG_WARN_UNREACHABLE_CODE = YES;
				CLANG_WARN__DUPLICATE_METHOD_MATCH = YES;
				COPY_PHASE_STRIP = NO;
				DEBUG_INFORMATION_FORMAT = dwarf;
				ENABLE_STRICT_OBJC_MSGSEND = YES;
				ENABLE_TESTABILITY = YES;
				GCC_C_LANGUAGE_STANDARD = gnu11;
				GCC_DYNAMIC_NO_PIC = NO;
				GCC_NO_COMMON_BLOCKS = YES;
				GCC_OPTIMIZATION_LEVEL = 0;
				GCC_PREPROCESSOR_DEFINITIONS = (
					"DEBUG=1",
					"$(inherited)",
				);
				GCC_WARN_64_TO_32_BIT_CONVERSION = YES;
				GCC_WARN_ABOUT_RETURN_TYPE = YES_ERROR;
				GCC_WARN_UNDECLARED_SELECTOR = YES;
				GCC_WARN_UNINITIALIZED_AUTOS = YES_AGGRESSIVE;
				GCC_WARN_UNUSED_FUNCTION = YES;
				GCC_WARN_UNUSED_VARIABLE = YES;
				IPHONEOS_DEPLOYMENT_TARGET = 15.2;
				MTL_ENABLE_DEBUG_INFO = INCLUDE_SOURCE;
				MTL_FAST_MATH = YES;
				ONLY_ACTIVE_ARCH = YES;
				SDKROOT = iphoneos;
				SWIFT_ACTIVE_COMPILATION_CONDITIONS = DEBUG;
				SWIFT_OPTIMIZATION_LEVEL = "-Onone";
			};
			name = Debug;
		};
		ED81F8B727A866AD00AD5850 /* Release */ = {
			isa = XCBuildConfiguration;
			buildSettings = {
				ALWAYS_SEARCH_USER_PATHS = NO;
				CLANG_ANALYZER_NONNULL = YES;
				CLANG_ANALYZER_NUMBER_OBJECT_CONVERSION = YES_AGGRESSIVE;
				CLANG_CXX_LANGUAGE_STANDARD = "gnu++17";
				CLANG_CXX_LIBRARY = "libc++";
				CLANG_ENABLE_MODULES = YES;
				CLANG_ENABLE_OBJC_ARC = YES;
				CLANG_ENABLE_OBJC_WEAK = YES;
				CLANG_WARN_BLOCK_CAPTURE_AUTORELEASING = YES;
				CLANG_WARN_BOOL_CONVERSION = YES;
				CLANG_WARN_COMMA = YES;
				CLANG_WARN_CONSTANT_CONVERSION = YES;
				CLANG_WARN_DEPRECATED_OBJC_IMPLEMENTATIONS = YES;
				CLANG_WARN_DIRECT_OBJC_ISA_USAGE = YES_ERROR;
				CLANG_WARN_DOCUMENTATION_COMMENTS = YES;
				CLANG_WARN_EMPTY_BODY = YES;
				CLANG_WARN_ENUM_CONVERSION = YES;
				CLANG_WARN_INFINITE_RECURSION = YES;
				CLANG_WARN_INT_CONVERSION = YES;
				CLANG_WARN_NON_LITERAL_NULL_CONVERSION = YES;
				CLANG_WARN_OBJC_IMPLICIT_RETAIN_SELF = YES;
				CLANG_WARN_OBJC_LITERAL_CONVERSION = YES;
				CLANG_WARN_OBJC_ROOT_CLASS = YES_ERROR;
				CLANG_WARN_QUOTED_INCLUDE_IN_FRAMEWORK_HEADER = YES;
				CLANG_WARN_RANGE_LOOP_ANALYSIS = YES;
				CLANG_WARN_STRICT_PROTOTYPES = YES;
				CLANG_WARN_SUSPICIOUS_MOVE = YES;
				CLANG_WARN_UNGUARDED_AVAILABILITY = YES_AGGRESSIVE;
				CLANG_WARN_UNREACHABLE_CODE = YES;
				CLANG_WARN__DUPLICATE_METHOD_MATCH = YES;
				COPY_PHASE_STRIP = NO;
				DEBUG_INFORMATION_FORMAT = "dwarf-with-dsym";
				ENABLE_NS_ASSERTIONS = NO;
				ENABLE_STRICT_OBJC_MSGSEND = YES;
				GCC_C_LANGUAGE_STANDARD = gnu11;
				GCC_NO_COMMON_BLOCKS = YES;
				GCC_WARN_64_TO_32_BIT_CONVERSION = YES;
				GCC_WARN_ABOUT_RETURN_TYPE = YES_ERROR;
				GCC_WARN_UNDECLARED_SELECTOR = YES;
				GCC_WARN_UNINITIALIZED_AUTOS = YES_AGGRESSIVE;
				GCC_WARN_UNUSED_FUNCTION = YES;
				GCC_WARN_UNUSED_VARIABLE = YES;
				IPHONEOS_DEPLOYMENT_TARGET = 15.2;
				MTL_ENABLE_DEBUG_INFO = NO;
				MTL_FAST_MATH = YES;
				SDKROOT = iphoneos;
				SWIFT_COMPILATION_MODE = wholemodule;
				SWIFT_OPTIMIZATION_LEVEL = "-O";
				VALIDATE_PRODUCT = YES;
			};
			name = Release;
		};
		ED81F8B927A866AD00AD5850 /* Debug */ = {
			isa = XCBuildConfiguration;
			baseConfigurationReference = 0EA1E2B22535F1E9B55D13DA /* Pods-StepExample.debug.xcconfig */;
			buildSettings = {
				ASSETCATALOG_COMPILER_APPICON_NAME = AppIcon;
				ASSETCATALOG_COMPILER_GLOBAL_ACCENT_COLOR_NAME = AccentColor;
				CODE_SIGN_STYLE = Automatic;
				CURRENT_PROJECT_VERSION = 1;
				DEVELOPMENT_TEAM = 5M2X2PH6A7;
				GENERATE_INFOPLIST_FILE = YES;
				INFOPLIST_FILE = StepExample/Info.plist;
				INFOPLIST_KEY_UIApplicationSupportsIndirectInputEvents = YES;
				INFOPLIST_KEY_UILaunchStoryboardName = LaunchScreen;
				INFOPLIST_KEY_UIMainStoryboardFile = Main;
				INFOPLIST_KEY_UISupportedInterfaceOrientations_iPad = "UIInterfaceOrientationPortrait UIInterfaceOrientationPortraitUpsideDown UIInterfaceOrientationLandscapeLeft UIInterfaceOrientationLandscapeRight";
				INFOPLIST_KEY_UISupportedInterfaceOrientations_iPhone = "UIInterfaceOrientationPortrait UIInterfaceOrientationLandscapeLeft UIInterfaceOrientationLandscapeRight";
				LD_RUNPATH_SEARCH_PATHS = (
					"$(inherited)",
					"@executable_path/Frameworks",
				);
				MARKETING_VERSION = 1.0;
				PRODUCT_BUNDLE_IDENTIFIER = com.raywenderlich.StepExample;
				PRODUCT_NAME = "$(TARGET_NAME)";
				SWIFT_EMIT_LOC_STRINGS = YES;
				SWIFT_VERSION = 5.0;
				TARGETED_DEVICE_FAMILY = "1,2";
			};
			name = Debug;
		};
		ED81F8BA27A866AD00AD5850 /* Release */ = {
			isa = XCBuildConfiguration;
			baseConfigurationReference = 1C2A6E3F5111D61E3F05EE29 /* Pods-StepExample.release.xcconfig */;
			buildSettings = {
				ASSETCATALOG_COMPILER_APPICON_NAME = AppIcon;
				ASSETCATALOG_COMPILER_GLOBAL_ACCENT_COLOR_NAME = AccentColor;
				CODE_SIGN_STYLE = Automatic;
				CURRENT_PROJECT_VERSION = 1;
				DEVELOPMENT_TEAM = 5M2X2PH6A7;
				GENERATE_INFOPLIST_FILE = YES;
				INFOPLIST_FILE = StepExample/Info.plist;
				INFOPLIST_KEY_UIApplicationSupportsIndirectInputEvents = YES;
				INFOPLIST_KEY_UILaunchStoryboardName = LaunchScreen;
				INFOPLIST_KEY_UIMainStoryboardFile = Main;
				INFOPLIST_KEY_UISupportedInterfaceOrientations_iPad = "UIInterfaceOrientationPortrait UIInterfaceOrientationPortraitUpsideDown UIInterfaceOrientationLandscapeLeft UIInterfaceOrientationLandscapeRight";
				INFOPLIST_KEY_UISupportedInterfaceOrientations_iPhone = "UIInterfaceOrientationPortrait UIInterfaceOrientationLandscapeLeft UIInterfaceOrientationLandscapeRight";
				LD_RUNPATH_SEARCH_PATHS = (
					"$(inherited)",
					"@executable_path/Frameworks",
				);
				MARKETING_VERSION = 1.0;
				PRODUCT_BUNDLE_IDENTIFIER = com.raywenderlich.StepExample;
				PRODUCT_NAME = "$(TARGET_NAME)";
				SWIFT_EMIT_LOC_STRINGS = YES;
				SWIFT_VERSION = 5.0;
				TARGETED_DEVICE_FAMILY = "1,2";
			};
			name = Release;
		};
/* End XCBuildConfiguration section */

/* Begin XCConfigurationList section */
		ED81F89F27A866AB00AD5850 /* Build configuration list for PBXProject "StepExample" */ = {
			isa = XCConfigurationList;
			buildConfigurations = (
				ED81F8B627A866AD00AD5850 /* Debug */,
				ED81F8B727A866AD00AD5850 /* Release */,
			);
			defaultConfigurationIsVisible = 0;
			defaultConfigurationName = Release;
		};
		ED81F8B827A866AD00AD5850 /* Build configuration list for PBXNativeTarget "StepExample" */ = {
			isa = XCConfigurationList;
			buildConfigurations = (
				ED81F8B927A866AD00AD5850 /* Debug */,
				ED81F8BA27A866AD00AD5850 /* Release */,
			);
			defaultConfigurationIsVisible = 0;
			defaultConfigurationName = Release;
		};
/* End XCConfigurationList section */
	};
	rootObject = ED81F89C27A866AB00AD5850 /* Project object */;
}
